
Microsoft Visual Studio Solution File, Format Version 12.00
# Visual Studio Version 17
VisualStudioVersion = 17.11.35312.102
MinimumVisualStudioVersion = 10.0.40219.1
Project("{9A19103F-16F7-4668-BE54-9A1E7A4F7556}") = "Veterinaria.Turnos.Web", "src\Veterinaria.Turnos.Web\Veterinaria.Turnos.Web.csproj", "{58928806-0623-4A31-A149-A25551442992}"
EndProject
Project("{FAE04EC0-301F-11D3-BF4B-00C04F79EFBC}") = "Veterinaria.Turnos.Data", "src\Veterinaria.Turnos.Data\Veterinaria.Turnos.Data.csproj", "{C9A8E492-8242-436C-B133-2D30E84056A6}"
EndProject
Global
	GlobalSection(SolutionConfigurationPlatforms) = preSolution
		Debug|Any CPU = Debug|Any CPU
		Release|Any CPU = Release|Any CPU
	EndGlobalSection
	GlobalSection(ProjectConfigurationPlatforms) = postSolution
		{58928806-0623-4A31-A149-A25551442992}.Debug|Any CPU.ActiveCfg = Debug|Any CPU
		{58928806-0623-4A31-A149-A25551442992}.Debug|Any CPU.Build.0 = Debug|Any CPU
		{58928806-0623-4A31-A149-A25551442992}.Release|Any CPU.ActiveCfg = Release|Any CPU
		{58928806-0623-4A31-A149-A25551442992}.Release|Any CPU.Build.0 = Release|Any CPU
		{C9A8E492-8242-436C-B133-2D30E84056A6}.Debug|Any CPU.ActiveCfg = Debug|Any CPU
		{C9A8E492-8242-436C-B133-2D30E84056A6}.Debug|Any CPU.Build.0 = Debug|Any CPU
		{C9A8E492-8242-436C-B133-2D30E84056A6}.Release|Any CPU.ActiveCfg = Release|Any CPU
		{C9A8E492-8242-436C-B133-2D30E84056A6}.Release|Any CPU.Build.0 = Release|Any CPU
	EndGlobalSection
	GlobalSection(SolutionProperties) = preSolution
		HideSolutionNode = FALSE
	EndGlobalSection
	GlobalSection(ExtensibilityGlobals) = postSolution
		SolutionGuid = {BFC6E9FC-0723-461F-9868-418273016CFE}
	EndGlobalSection
EndGlobal
